// !$*UTF8*$!
{
	archiveVersion = 1;
	classes = {
	};
	objectVersion = 50;
	objects = {

/* Begin PBXBuildFile section */
		4693CFD8269A4FFD00D3D34F /* NameTableViewCell.swift in Sources */ = {isa = PBXBuildFile; fileRef = 4693CFD6269A4FFD00D3D34F /* NameTableViewCell.swift */; };
		4693CFD9269A4FFD00D3D34F /* NameTableViewCell.xib in Resources */ = {isa = PBXBuildFile; fileRef = 4693CFD7269A4FFD00D3D34F /* NameTableViewCell.xib */; };
		4693CFDF269A593F00D3D34F /* SelfieTableViewCell.swift in Sources */ = {isa = PBXBuildFile; fileRef = 4693CFDD269A593F00D3D34F /* SelfieTableViewCell.swift */; };
		4693CFE0269A593F00D3D34F /* SelfieTableViewCell.xib in Resources */ = {isa = PBXBuildFile; fileRef = 4693CFDE269A593F00D3D34F /* SelfieTableViewCell.xib */; };
		4693CFE6269A5C8A00D3D34F /* GraficasTableViewCell.swift in Sources */ = {isa = PBXBuildFile; fileRef = 4693CFE4269A5C8A00D3D34F /* GraficasTableViewCell.swift */; };
		4693CFE7269A5C8A00D3D34F /* GraficasTableViewCell.xib in Resources */ = {isa = PBXBuildFile; fileRef = 4693CFE5269A5C8A00D3D34F /* GraficasTableViewCell.xib */; };
		4693D02B269A769900D3D34F /* GraficasViewController.swift in Sources */ = {isa = PBXBuildFile; fileRef = 4693D02A269A769900D3D34F /* GraficasViewController.swift */; };
		4693D045269ACE2900D3D34F /* ViewModel.swift in Sources */ = {isa = PBXBuildFile; fileRef = 4693D044269ACE2800D3D34F /* ViewModel.swift */; };
		46D4B18E269A3B2900ABA28C /* AppDelegate.swift in Sources */ = {isa = PBXBuildFile; fileRef = 46D4B18D269A3B2900ABA28C /* AppDelegate.swift */; };
		46D4B190269A3B2900ABA28C /* SceneDelegate.swift in Sources */ = {isa = PBXBuildFile; fileRef = 46D4B18F269A3B2900ABA28C /* SceneDelegate.swift */; };
		46D4B192269A3B2900ABA28C /* ViewController.swift in Sources */ = {isa = PBXBuildFile; fileRef = 46D4B191269A3B2900ABA28C /* ViewController.swift */; };
		46D4B195269A3B2900ABA28C /* Main.storyboard in Resources */ = {isa = PBXBuildFile; fileRef = 46D4B193269A3B2900ABA28C /* Main.storyboard */; };
		46D4B197269A3B3D00ABA28C /* Assets.xcassets in Resources */ = {isa = PBXBuildFile; fileRef = 46D4B196269A3B3D00ABA28C /* Assets.xcassets */; };
		46D4B19A269A3B3D00ABA28C /* LaunchScreen.storyboard in Resources */ = {isa = PBXBuildFile; fileRef = 46D4B198269A3B3D00ABA28C /* LaunchScreen.storyboard */; };
		46D4B1A5269A3B3D00ABA28C /* Examen_iOSTests.swift in Sources */ = {isa = PBXBuildFile; fileRef = 46D4B1A4269A3B3D00ABA28C /* Examen_iOSTests.swift */; };
		46D4B1B0269A3B3D00ABA28C /* Examen_iOSUITests.swift in Sources */ = {isa = PBXBuildFile; fileRef = 46D4B1AF269A3B3D00ABA28C /* Examen_iOSUITests.swift */; };
/* End PBXBuildFile section */

/* Begin PBXContainerItemProxy section */
		46D4B1A1269A3B3D00ABA28C /* PBXContainerItemProxy */ = {
			isa = PBXContainerItemProxy;
			containerPortal = 46D4B182269A3B2900ABA28C /* Project object */;
			proxyType = 1;
			remoteGlobalIDString = 46D4B189269A3B2900ABA28C;
			remoteInfo = "Examen-iOS";
		};
		46D4B1AC269A3B3D00ABA28C /* PBXContainerItemProxy */ = {
			isa = PBXContainerItemProxy;
			containerPortal = 46D4B182269A3B2900ABA28C /* Project object */;
			proxyType = 1;
			remoteGlobalIDString = 46D4B189269A3B2900ABA28C;
			remoteInfo = "Examen-iOS";
		};
/* End PBXContainerItemProxy section */

/* Begin PBXFileReference section */
		4693CFD6269A4FFD00D3D34F /* NameTableViewCell.swift */ = {isa = PBXFileReference; lastKnownFileType = sourcecode.swift; path = NameTableViewCell.swift; sourceTree = "<group>"; };
		4693CFD7269A4FFD00D3D34F /* NameTableViewCell.xib */ = {isa = PBXFileReference; lastKnownFileType = file.xib; path = NameTableViewCell.xib; sourceTree = "<group>"; };
		4693CFDD269A593F00D3D34F /* SelfieTableViewCell.swift */ = {isa = PBXFileReference; lastKnownFileType = sourcecode.swift; path = SelfieTableViewCell.swift; sourceTree = "<group>"; };
		4693CFDE269A593F00D3D34F /* SelfieTableViewCell.xib */ = {isa = PBXFileReference; lastKnownFileType = file.xib; path = SelfieTableViewCell.xib; sourceTree = "<group>"; };
		4693CFE4269A5C8A00D3D34F /* GraficasTableViewCell.swift */ = {isa = PBXFileReference; lastKnownFileType = sourcecode.swift; path = GraficasTableViewCell.swift; sourceTree = "<group>"; };
		4693CFE5269A5C8A00D3D34F /* GraficasTableViewCell.xib */ = {isa = PBXFileReference; lastKnownFileType = file.xib; path = GraficasTableViewCell.xib; sourceTree = "<group>"; };
		4693D02A269A769900D3D34F /* GraficasViewController.swift */ = {isa = PBXFileReference; lastKnownFileType = sourcecode.swift; path = GraficasViewController.swift; sourceTree = "<group>"; };
		4693D044269ACE2800D3D34F /* ViewModel.swift */ = {isa = PBXFileReference; lastKnownFileType = sourcecode.swift; path = ViewModel.swift; sourceTree = "<group>"; };
		46D4B18A269A3B2900ABA28C /* Examen-iOS.app */ = {isa = PBXFileReference; explicitFileType = wrapper.application; includeInIndex = 0; path = "Examen-iOS.app"; sourceTree = BUILT_PRODUCTS_DIR; };
		46D4B18D269A3B2900ABA28C /* AppDelegate.swift */ = {isa = PBXFileReference; lastKnownFileType = sourcecode.swift; path = AppDelegate.swift; sourceTree = "<group>"; };
		46D4B18F269A3B2900ABA28C /* SceneDelegate.swift */ = {isa = PBXFileReference; lastKnownFileType = sourcecode.swift; path = SceneDelegate.swift; sourceTree = "<group>"; };
		46D4B191269A3B2900ABA28C /* ViewController.swift */ = {isa = PBXFileReference; lastKnownFileType = sourcecode.swift; path = ViewController.swift; sourceTree = "<group>"; };
		46D4B194269A3B2900ABA28C /* Base */ = {isa = PBXFileReference; lastKnownFileType = file.storyboard; name = Base; path = Base.lproj/Main.storyboard; sourceTree = "<group>"; };
		46D4B196269A3B3D00ABA28C /* Assets.xcassets */ = {isa = PBXFileReference; lastKnownFileType = folder.assetcatalog; path = Assets.xcassets; sourceTree = "<group>"; };
		46D4B199269A3B3D00ABA28C /* Base */ = {isa = PBXFileReference; lastKnownFileType = file.storyboard; name = Base; path = Base.lproj/LaunchScreen.storyboard; sourceTree = "<group>"; };
		46D4B19B269A3B3D00ABA28C /* Info.plist */ = {isa = PBXFileReference; lastKnownFileType = text.plist.xml; path = Info.plist; sourceTree = "<group>"; };
		46D4B1A0269A3B3D00ABA28C /* Examen-iOSTests.xctest */ = {isa = PBXFileReference; explicitFileType = wrapper.cfbundle; includeInIndex = 0; path = "Examen-iOSTests.xctest"; sourceTree = BUILT_PRODUCTS_DIR; };
		46D4B1A4269A3B3D00ABA28C /* Examen_iOSTests.swift */ = {isa = PBXFileReference; lastKnownFileType = sourcecode.swift; path = Examen_iOSTests.swift; sourceTree = "<group>"; };
		46D4B1A6269A3B3D00ABA28C /* Info.plist */ = {isa = PBXFileReference; lastKnownFileType = text.plist.xml; path = Info.plist; sourceTree = "<group>"; };
		46D4B1AB269A3B3D00ABA28C /* Examen-iOSUITests.xctest */ = {isa = PBXFileReference; explicitFileType = wrapper.cfbundle; includeInIndex = 0; path = "Examen-iOSUITests.xctest"; sourceTree = BUILT_PRODUCTS_DIR; };
		46D4B1AF269A3B3D00ABA28C /* Examen_iOSUITests.swift */ = {isa = PBXFileReference; lastKnownFileType = sourcecode.swift; path = Examen_iOSUITests.swift; sourceTree = "<group>"; };
		46D4B1B1269A3B3D00ABA28C /* Info.plist */ = {isa = PBXFileReference; lastKnownFileType = text.plist.xml; path = Info.plist; sourceTree = "<group>"; };
/* End PBXFileReference section */

/* Begin PBXFrameworksBuildPhase section */
		46D4B187269A3B2900ABA28C /* Frameworks */ = {
			isa = PBXFrameworksBuildPhase;
			buildActionMask = 2147483647;
			files = (
			);
			runOnlyForDeploymentPostprocessing = 0;
		};
		46D4B19D269A3B3D00ABA28C /* Frameworks */ = {
			isa = PBXFrameworksBuildPhase;
			buildActionMask = 2147483647;
			files = (
			);
			runOnlyForDeploymentPostprocessing = 0;
		};
		46D4B1A8269A3B3D00ABA28C /* Frameworks */ = {
			isa = PBXFrameworksBuildPhase;
			buildActionMask = 2147483647;
			files = (
			);
			runOnlyForDeploymentPostprocessing = 0;
		};
/* End PBXFrameworksBuildPhase section */

/* Begin PBXGroup section */
		4693D02F269AB64300D3D34F /* Controller */ = {
			isa = PBXGroup;
			children = (
				46D4B191269A3B2900ABA28C /* ViewController.swift */,
				4693CFD6269A4FFD00D3D34F /* NameTableViewCell.swift */,
				4693CFDD269A593F00D3D34F /* SelfieTableViewCell.swift */,
				4693CFE4269A5C8A00D3D34F /* GraficasTableViewCell.swift */,
				4693D02A269A769900D3D34F /* GraficasViewController.swift */,
			);
			path = Controller;
			sourceTree = "<group>";
		};
		4693D031269AB68600D3D34F /* View */ = {
			isa = PBXGroup;
			children = (
				46D4B193269A3B2900ABA28C /* Main.storyboard */,
				46D4B198269A3B3D00ABA28C /* LaunchScreen.storyboard */,
				4693CFD7269A4FFD00D3D34F /* NameTableViewCell.xib */,
				4693CFDE269A593F00D3D34F /* SelfieTableViewCell.xib */,
				4693CFE5269A5C8A00D3D34F /* GraficasTableViewCell.xib */,
			);
			path = View;
			sourceTree = "<group>";
		};
		4693D038269ACCB400D3D34F /* Model */ = {
			isa = PBXGroup;
			children = (
				4693D044269ACE2800D3D34F /* ViewModel.swift */,
			);
			path = Model;
			sourceTree = "<group>";
		};
		46D4B181269A3B2900ABA28C = {
			isa = PBXGroup;
			children = (
				46D4B18C269A3B2900ABA28C /* Examen-iOS */,
				46D4B1A3269A3B3D00ABA28C /* Examen-iOSTests */,
				46D4B1AE269A3B3D00ABA28C /* Examen-iOSUITests */,
				46D4B18B269A3B2900ABA28C /* Products */,
			);
			sourceTree = "<group>";
		};
		46D4B18B269A3B2900ABA28C /* Products */ = {
			isa = PBXGroup;
			children = (
				46D4B18A269A3B2900ABA28C /* Examen-iOS.app */,
				46D4B1A0269A3B3D00ABA28C /* Examen-iOSTests.xctest */,
				46D4B1AB269A3B3D00ABA28C /* Examen-iOSUITests.xctest */,
			);
			name = Products;
			sourceTree = "<group>";
		};
		46D4B18C269A3B2900ABA28C /* Examen-iOS */ = {
			isa = PBXGroup;
			children = (
				46D4B18D269A3B2900ABA28C /* AppDelegate.swift */,
				4693D038269ACCB400D3D34F /* Model */,
				4693D031269AB68600D3D34F /* View */,
				4693D02F269AB64300D3D34F /* Controller */,
				46D4B18F269A3B2900ABA28C /* SceneDelegate.swift */,
				46D4B196269A3B3D00ABA28C /* Assets.xcassets */,
				46D4B19B269A3B3D00ABA28C /* Info.plist */,
			);
			path = "Examen-iOS";
			sourceTree = "<group>";
		};
		46D4B1A3269A3B3D00ABA28C /* Examen-iOSTests */ = {
			isa = PBXGroup;
			children = (
				46D4B1A4269A3B3D00ABA28C /* Examen_iOSTests.swift */,
				46D4B1A6269A3B3D00ABA28C /* Info.plist */,
			);
			path = "Examen-iOSTests";
			sourceTree = "<group>";
		};
		46D4B1AE269A3B3D00ABA28C /* Examen-iOSUITests */ = {
			isa = PBXGroup;
			children = (
				46D4B1AF269A3B3D00ABA28C /* Examen_iOSUITests.swift */,
				46D4B1B1269A3B3D00ABA28C /* Info.plist */,
			);
			path = "Examen-iOSUITests";
			sourceTree = "<group>";
		};
/* End PBXGroup section */

/* Begin PBXNativeTarget section */
		46D4B189269A3B2900ABA28C /* Examen-iOS */ = {
			isa = PBXNativeTarget;
			buildConfigurationList = 46D4B1B4269A3B3D00ABA28C /* Build configuration list for PBXNativeTarget "Examen-iOS" */;
			buildPhases = (
				46D4B186269A3B2900ABA28C /* Sources */,
				46D4B187269A3B2900ABA28C /* Frameworks */,
				46D4B188269A3B2900ABA28C /* Resources */,
			);
			buildRules = (
			);
			dependencies = (
			);
			name = "Examen-iOS";
			productName = "Examen-iOS";
			productReference = 46D4B18A269A3B2900ABA28C /* Examen-iOS.app */;
			productType = "com.apple.product-type.application";
		};
		46D4B19F269A3B3D00ABA28C /* Examen-iOSTests */ = {
			isa = PBXNativeTarget;
			buildConfigurationList = 46D4B1B7269A3B3D00ABA28C /* Build configuration list for PBXNativeTarget "Examen-iOSTests" */;
			buildPhases = (
				46D4B19C269A3B3D00ABA28C /* Sources */,
				46D4B19D269A3B3D00ABA28C /* Frameworks */,
				46D4B19E269A3B3D00ABA28C /* Resources */,
			);
			buildRules = (
			);
			dependencies = (
				46D4B1A2269A3B3D00ABA28C /* PBXTargetDependency */,
			);
			name = "Examen-iOSTests";
			productName = "Examen-iOSTests";
			productReference = 46D4B1A0269A3B3D00ABA28C /* Examen-iOSTests.xctest */;
			productType = "com.apple.product-type.bundle.unit-test";
		};
		46D4B1AA269A3B3D00ABA28C /* Examen-iOSUITests */ = {
			isa = PBXNativeTarget;
			buildConfigurationList = 46D4B1BA269A3B3D00ABA28C /* Build configuration list for PBXNativeTarget "Examen-iOSUITests" */;
			buildPhases = (
				46D4B1A7269A3B3D00ABA28C /* Sources */,
				46D4B1A8269A3B3D00ABA28C /* Frameworks */,
				46D4B1A9269A3B3D00ABA28C /* Resources */,
			);
			buildRules = (
			);
			dependencies = (
				46D4B1AD269A3B3D00ABA28C /* PBXTargetDependency */,
			);
			name = "Examen-iOSUITests";
			productName = "Examen-iOSUITests";
			productReference = 46D4B1AB269A3B3D00ABA28C /* Examen-iOSUITests.xctest */;
			productType = "com.apple.product-type.bundle.ui-testing";
		};
/* End PBXNativeTarget section */

/* Begin PBXProject section */
		46D4B182269A3B2900ABA28C /* Project object */ = {
			isa = PBXProject;
			attributes = {
				LastSwiftUpdateCheck = 1240;
				LastUpgradeCheck = 1240;
				TargetAttributes = {
					46D4B189269A3B2900ABA28C = {
						CreatedOnToolsVersion = 12.4;
					};
					46D4B19F269A3B3D00ABA28C = {
						CreatedOnToolsVersion = 12.4;
						TestTargetID = 46D4B189269A3B2900ABA28C;
					};
					46D4B1AA269A3B3D00ABA28C = {
						CreatedOnToolsVersion = 12.4;
						TestTargetID = 46D4B189269A3B2900ABA28C;
					};
				};
			};
			buildConfigurationList = 46D4B185269A3B2900ABA28C /* Build configuration list for PBXProject "Examen-iOS" */;
			compatibilityVersion = "Xcode 9.3";
			developmentRegion = en;
			hasScannedForEncodings = 0;
			knownRegions = (
				en,
				Base,
			);
			mainGroup = 46D4B181269A3B2900ABA28C;
			productRefGroup = 46D4B18B269A3B2900ABA28C /* Products */;
			projectDirPath = "";
			projectRoot = "";
			targets = (
				46D4B189269A3B2900ABA28C /* Examen-iOS */,
				46D4B19F269A3B3D00ABA28C /* Examen-iOSTests */,
				46D4B1AA269A3B3D00ABA28C /* Examen-iOSUITests */,
			);
		};
/* End PBXProject section */

/* Begin PBXResourcesBuildPhase section */
		46D4B188269A3B2900ABA28C /* Resources */ = {
			isa = PBXResourcesBuildPhase;
			buildActionMask = 2147483647;
			files = (
				46D4B19A269A3B3D00ABA28C /* LaunchScreen.storyboard in Resources */,
				46D4B197269A3B3D00ABA28C /* Assets.xcassets in Resources */,
				4693CFD9269A4FFD00D3D34F /* NameTableViewCell.xib in Resources */,
				4693CFE0269A593F00D3D34F /* SelfieTableViewCell.xib in Resources */,
				46D4B195269A3B2900ABA28C /* Main.storyboard in Resources */,
				4693CFE7269A5C8A00D3D34F /* GraficasTableViewCell.xib in Resources */,
			);
			runOnlyForDeploymentPostprocessing = 0;
		};
		46D4B19E269A3B3D00ABA28C /* Resources */ = {
			isa = PBXResourcesBuildPhase;
			buildActionMask = 2147483647;
			files = (
			);
			runOnlyForDeploymentPostprocessing = 0;
		};
		46D4B1A9269A3B3D00ABA28C /* Resources */ = {
			isa = PBXResourcesBuildPhase;
			buildActionMask = 2147483647;
			files = (
			);
			runOnlyForDeploymentPostprocessing = 0;
		};
/* End PBXResourcesBuildPhase section */

/* Begin PBXSourcesBuildPhase section */
		46D4B186269A3B2900ABA28C /* Sources */ = {
			isa = PBXSourcesBuildPhase;
			buildActionMask = 2147483647;
			files = (
				46D4B192269A3B2900ABA28C /* ViewController.swift in Sources */,
				46D4B18E269A3B2900ABA28C /* AppDelegate.swift in Sources */,
				4693CFD8269A4FFD00D3D34F /* NameTableViewCell.swift in Sources */,
				4693CFE6269A5C8A00D3D34F /* GraficasTableViewCell.swift in Sources */,
				4693D02B269A769900D3D34F /* GraficasViewController.swift in Sources */,
				4693CFDF269A593F00D3D34F /* SelfieTableViewCell.swift in Sources */,
				4693D045269ACE2900D3D34F /* ViewModel.swift in Sources */,
				46D4B190269A3B2900ABA28C /* SceneDelegate.swift in Sources */,
			);
			runOnlyForDeploymentPostprocessing = 0;
		};
		46D4B19C269A3B3D00ABA28C /* Sources */ = {
			isa = PBXSourcesBuildPhase;
			buildActionMask = 2147483647;
			files = (
				46D4B1A5269A3B3D00ABA28C /* Examen_iOSTests.swift in Sources */,
			);
			runOnlyForDeploymentPostprocessing = 0;
		};
		46D4B1A7269A3B3D00ABA28C /* Sources */ = {
			isa = PBXSourcesBuildPhase;
			buildActionMask = 2147483647;
			files = (
				46D4B1B0269A3B3D00ABA28C /* Examen_iOSUITests.swift in Sources */,
			);
			runOnlyForDeploymentPostprocessing = 0;
		};
/* End PBXSourcesBuildPhase section */

/* Begin PBXTargetDependency section */
		46D4B1A2269A3B3D00ABA28C /* PBXTargetDependency */ = {
			isa = PBXTargetDependency;
			target = 46D4B189269A3B2900ABA28C /* Examen-iOS */;
			targetProxy = 46D4B1A1269A3B3D00ABA28C /* PBXContainerItemProxy */;
		};
		46D4B1AD269A3B3D00ABA28C /* PBXTargetDependency */ = {
			isa = PBXTargetDependency;
			target = 46D4B189269A3B2900ABA28C /* Examen-iOS */;
			targetProxy = 46D4B1AC269A3B3D00ABA28C /* PBXContainerItemProxy */;
		};
/* End PBXTargetDependency section */

/* Begin PBXVariantGroup section */
		46D4B193269A3B2900ABA28C /* Main.storyboard */ = {
			isa = PBXVariantGroup;
			children = (
				46D4B194269A3B2900ABA28C /* Base */,
			);
			name = Main.storyboard;
			sourceTree = "<group>";
		};
		46D4B198269A3B3D00ABA28C /* LaunchScreen.storyboard */ = {
			isa = PBXVariantGroup;
			children = (
				46D4B199269A3B3D00ABA28C /* Base */,
			);
			name = LaunchScreen.storyboard;
			sourceTree = "<group>";
		};
/* End PBXVariantGroup section */

/* Begin XCBuildConfiguration section */
		46D4B1B2269A3B3D00ABA28C /* Debug */ = {
			isa = XCBuildConfiguration;
			buildSettings = {
				ALWAYS_SEARCH_USER_PATHS = NO;
				CLANG_ANALYZER_NONNULL = YES;
				CLANG_ANALYZER_NUMBER_OBJECT_CONVERSION = YES_AGGRESSIVE;
				CLANG_CXX_LANGUAGE_STANDARD = "gnu++14";
				CLANG_CXX_LIBRARY = "libc++";
				CLANG_ENABLE_MODULES = YES;
				CLANG_ENABLE_OBJC_ARC = YES;
				CLANG_ENABLE_OBJC_WEAK = YES;
				CLANG_WARN_BLOCK_CAPTURE_AUTORELEASING = YES;
				CLANG_WARN_BOOL_CONVERSION = YES;
				CLANG_WARN_COMMA = YES;
				CLANG_WARN_CONSTANT_CONVERSION = YES;
				CLANG_WARN_DEPRECATED_OBJC_IMPLEMENTATIONS = YES;
				CLANG_WARN_DIRECT_OBJC_ISA_USAGE = YES_ERROR;
				CLANG_WARN_DOCUMENTATION_COMMENTS = YES;
				CLANG_WARN_EMPTY_BODY = YES;
				CLANG_WARN_ENUM_CONVERSION = YES;
				CLANG_WARN_INFINITE_RECURSION = YES;
				CLANG_WARN_INT_CONVERSION = YES;
				CLANG_WARN_NON_LITERAL_NULL_CONVERSION = YES;
				CLANG_WARN_OBJC_IMPLICIT_RETAIN_SELF = YES;
				CLANG_WARN_OBJC_LITERAL_CONVERSION = YES;
				CLANG_WARN_OBJC_ROOT_CLASS = YES_ERROR;
				CLANG_WARN_QUOTED_INCLUDE_IN_FRAMEWORK_HEADER = YES;
				CLANG_WARN_RANGE_LOOP_ANALYSIS = YES;
				CLANG_WARN_STRICT_PROTOTYPES = YES;
				CLANG_WARN_SUSPICIOUS_MOVE = YES;
				CLANG_WARN_UNGUARDED_AVAILABILITY = YES_AGGRESSIVE;
				CLANG_WARN_UNREACHABLE_CODE = YES;
				CLANG_WARN__DUPLICATE_METHOD_MATCH = YES;
				COPY_PHASE_STRIP = NO;
				DEBUG_INFORMATION_FORMAT = dwarf;
				ENABLE_STRICT_OBJC_MSGSEND = YES;
				ENABLE_TESTABILITY = YES;
				GCC_C_LANGUAGE_STANDARD = gnu11;
				GCC_DYNAMIC_NO_PIC = NO;
				GCC_NO_COMMON_BLOCKS = YES;
				GCC_OPTIMIZATION_LEVEL = 0;
				GCC_PREPROCESSOR_DEFINITIONS = (
					"DEBUG=1",
					"$(inherited)",
				);
				GCC_WARN_64_TO_32_BIT_CONVERSION = YES;
				GCC_WARN_ABOUT_RETURN_TYPE = YES_ERROR;
				GCC_WARN_UNDECLARED_SELECTOR = YES;
				GCC_WARN_UNINITIALIZED_AUTOS = YES_AGGRESSIVE;
				GCC_WARN_UNUSED_FUNCTION = YES;
				GCC_WARN_UNUSED_VARIABLE = YES;
				IPHONEOS_DEPLOYMENT_TARGET = 14.4;
				MTL_ENABLE_DEBUG_INFO = INCLUDE_SOURCE;
				MTL_FAST_MATH = YES;
				ONLY_ACTIVE_ARCH = YES;
				SDKROOT = iphoneos;
				SWIFT_ACTIVE_COMPILATION_CONDITIONS = DEBUG;
				SWIFT_OPTIMIZATION_LEVEL = "-Onone";
			};
			name = Debug;
		};
		46D4B1B3269A3B3D00ABA28C /* Release */ = {
			isa = XCBuildConfiguration;
			buildSettings = {
				ALWAYS_SEARCH_USER_PATHS = NO;
				CLANG_ANALYZER_NONNULL = YES;
				CLANG_ANALYZER_NUMBER_OBJECT_CONVERSION = YES_AGGRESSIVE;
				CLANG_CXX_LANGUAGE_STANDARD = "gnu++14";
				CLANG_CXX_LIBRARY = "libc++";
				CLANG_ENABLE_MODULES = YES;
				CLANG_ENABLE_OBJC_ARC = YES;
				CLANG_ENABLE_OBJC_WEAK = YES;
				CLANG_WARN_BLOCK_CAPTURE_AUTORELEASING = YES;
				CLANG_WARN_BOOL_CONVERSION = YES;
				CLANG_WARN_COMMA = YES;
				CLANG_WARN_CONSTANT_CONVERSION = YES;
				CLANG_WARN_DEPRECATED_OBJC_IMPLEMENTATIONS = YES;
				CLANG_WARN_DIRECT_OBJC_ISA_USAGE = YES_ERROR;
				CLANG_WARN_DOCUMENTATION_COMMENTS = YES;
				CLANG_WARN_EMPTY_BODY = YES;
				CLANG_WARN_ENUM_CONVERSION = YES;
				CLANG_WARN_INFINITE_RECURSION = YES;
				CLANG_WARN_INT_CONVERSION = YES;
				CLANG_WARN_NON_LITERAL_NULL_CONVERSION = YES;
				CLANG_WARN_OBJC_IMPLICIT_RETAIN_SELF = YES;
				CLANG_WARN_OBJC_LITERAL_CONVERSION = YES;
				CLANG_WARN_OBJC_ROOT_CLASS = YES_ERROR;
				CLANG_WARN_QUOTED_INCLUDE_IN_FRAMEWORK_HEADER = YES;
				CLANG_WARN_RANGE_LOOP_ANALYSIS = YES;
				CLANG_WARN_STRICT_PROTOTYPES = YES;
				CLANG_WARN_SUSPICIOUS_MOVE = YES;
				CLANG_WARN_UNGUARDED_AVAILABILITY = YES_AGGRESSIVE;
				CLANG_WARN_UNREACHABLE_CODE = YES;
				CLANG_WARN__DUPLICATE_METHOD_MATCH = YES;
				COPY_PHASE_STRIP = NO;
				DEBUG_INFORMATION_FORMAT = "dwarf-with-dsym";
				ENABLE_NS_ASSERTIONS = NO;
				ENABLE_STRICT_OBJC_MSGSEND = YES;
				GCC_C_LANGUAGE_STANDARD = gnu11;
				GCC_NO_COMMON_BLOCKS = YES;
				GCC_WARN_64_TO_32_BIT_CONVERSION = YES;
				GCC_WARN_ABOUT_RETURN_TYPE = YES_ERROR;
				GCC_WARN_UNDECLARED_SELECTOR = YES;
				GCC_WARN_UNINITIALIZED_AUTOS = YES_AGGRESSIVE;
				GCC_WARN_UNUSED_FUNCTION = YES;
				GCC_WARN_UNUSED_VARIABLE = YES;
				IPHONEOS_DEPLOYMENT_TARGET = 14.4;
				MTL_ENABLE_DEBUG_INFO = NO;
				MTL_FAST_MATH = YES;
				SDKROOT = iphoneos;
				SWIFT_COMPILATION_MODE = wholemodule;
				SWIFT_OPTIMIZATION_LEVEL = "-O";
				VALIDATE_PRODUCT = YES;
			};
			name = Release;
		};
		46D4B1B5269A3B3D00ABA28C /* Debug */ = {
			isa = XCBuildConfiguration;
			buildSettings = {
				ASSETCATALOG_COMPILER_APPICON_NAME = AppIcon;
				ASSETCATALOG_COMPILER_GLOBAL_ACCENT_COLOR_NAME = AccentColor;
				CODE_SIGN_STYLE = Automatic;
				DEVELOPMENT_TEAM = A5449499J2;
				INFOPLIST_FILE = "Examen-iOS/Info.plist";
				IPHONEOS_DEPLOYMENT_TARGET = 13.0;
				LD_RUNPATH_SEARCH_PATHS = (
					"$(inherited)",
					"@executable_path/Frameworks",
				);
				PRODUCT_BUNDLE_IDENTIFIER = "com.gilcasram.Examen-iOS";
				PRODUCT_NAME = "$(TARGET_NAME)";
				SWIFT_VERSION = 5.0;
				TARGETED_DEVICE_FAMILY = "1,2";
			};
			name = Debug;
		};
		46D4B1B6269A3B3D00ABA28C /* Release */ = {
			isa = XCBuildConfiguration;
			buildSettings = {
				ASSETCATALOG_COMPILER_APPICON_NAME = AppIcon;
				ASSETCATALOG_COMPILER_GLOBAL_ACCENT_COLOR_NAME = AccentColor;
				CODE_SIGN_STYLE = Automatic;
				DEVELOPMENT_TEAM = A5449499J2;
				INFOPLIST_FILE = "Examen-iOS/Info.plist";
				IPHONEOS_DEPLOYMENT_TARGET = 13.0;
				LD_RUNPATH_SEARCH_PATHS = (
					"$(inherited)",
					"@executable_path/Frameworks",
				);
				PRODUCT_BUNDLE_IDENTIFIER = "com.gilcasram.Examen-iOS";
				PRODUCT_NAME = "$(TARGET_NAME)";
				SWIFT_VERSION = 5.0;
				TARGETED_DEVICE_FAMILY = "1,2";
			};
			name = Release;
		};
		46D4B1B8269A3B3D00ABA28C /* Debug */ = {
			isa = XCBuildConfiguration;
			buildSettings = {
				ALWAYS_EMBED_SWIFT_STANDARD_LIBRARIES = YES;
				BUNDLE_LOADER = "$(TEST_HOST)";
				CODE_SIGN_STYLE = Automatic;
				DEVELOPMENT_TEAM = A5449499J2;
				INFOPLIST_FILE = "Examen-iOSTests/Info.plist";
				IPHONEOS_DEPLOYMENT_TARGET = 14.4;
				LD_RUNPATH_SEARCH_PATHS = (
					"$(inherited)",
					"@executable_path/Frameworks",
					"@loader_path/Frameworks",
				);
				PRODUCT_BUNDLE_IDENTIFIER = "com.gilcasram.Examen-iOSTests";
				PRODUCT_NAME = "$(TARGET_NAME)";
				SWIFT_VERSION = 5.0;
				TARGETED_DEVICE_FAMILY = "1,2";
				TEST_HOST = "$(BUILT_PRODUCTS_DIR)/Examen-iOS.app/Examen-iOS";
			};
			name = Debug;
		};
		46D4B1B9269A3B3D00ABA28C /* Release */ = {
			isa = XCBuildConfiguration;
			buildSettings = {
				ALWAYS_EMBED_SWIFT_STANDARD_LIBRARIES = YES;
				BUNDLE_LOADER = "$(TEST_HOST)";
				CODE_SIGN_STYLE = Automatic;
				DEVELOPMENT_TEAM = A5449499J2;
				INFOPLIST_FILE = "Examen-iOSTests/Info.plist";
				IPHONEOS_DEPLOYMENT_TARGET = 14.4;
				LD_RUNPATH_SEARCH_PATHS = (
					"$(inherited)",
					"@executable_path/Frameworks",
					"@loader_path/Frameworks",
				);
				PRODUCT_BUNDLE_IDENTIFIER = "com.gilcasram.Examen-iOSTests";
				PRODUCT_NAME = "$(TARGET_NAME)";
				SWIFT_VERSION = 5.0;
				TARGETED_DEVICE_FAMILY = "1,2";
				TEST_HOST = "$(BUILT_PRODUCTS_DIR)/Examen-iOS.app/Examen-iOS";
			};
			name = Release;
		};
		46D4B1BB269A3B3D00ABA28C /* Debug */ = {
			isa = XCBuildConfiguration;
			buildSettings = {
				ALWAYS_EMBED_SWIFT_STANDARD_LIBRARIES = YES;
				CODE_SIGN_STYLE = Automatic;
				DEVELOPMENT_TEAM = A5449499J2;
				INFOPLIST_FILE = "Examen-iOSUITests/Info.plist";
				LD_RUNPATH_SEARCH_PATHS = (
					"$(inherited)",
					"@executable_path/Frameworks",
					"@loader_path/Frameworks",
				);
				PRODUCT_BUNDLE_IDENTIFIER = "com.gilcasram.Examen-iOSUITests";
				PRODUCT_NAME = "$(TARGET_NAME)";
				SWIFT_VERSION = 5.0;
				TARGETED_DEVICE_FAMILY = "1,2";
				TEST_TARGET_NAME = "Examen-iOS";
			};
			name = Debug;
		};
		46D4B1BC269A3B3D00ABA28C /* Release */ = {
			isa = XCBuildConfiguration;
			buildSettings = {
				ALWAYS_EMBED_SWIFT_STANDARD_LIBRARIES = YES;
				CODE_SIGN_STYLE = Automatic;
				DEVELOPMENT_TEAM = A5449499J2;
				INFOPLIST_FILE = "Examen-iOSUITests/Info.plist";
				LD_RUNPATH_SEARCH_PATHS = (
					"$(inherited)",
					"@executable_path/Frameworks",
					"@loader_path/Frameworks",
				);
				PRODUCT_BUNDLE_IDENTIFIER = "com.gilcasram.Examen-iOSUITests";
				PRODUCT_NAME = "$(TARGET_NAME)";
				SWIFT_VERSION = 5.0;
				TARGETED_DEVICE_FAMILY = "1,2";
				TEST_TARGET_NAME = "Examen-iOS";
			};
			name = Release;
		};
/* End XCBuildConfiguration section */

/* Begin XCConfigurationList section */
		46D4B185269A3B2900ABA28C /* Build configuration list for PBXProject "Examen-iOS" */ = {
			isa = XCConfigurationList;
			buildConfigurations = (
				46D4B1B2269A3B3D00ABA28C /* Debug */,
				46D4B1B3269A3B3D00ABA28C /* Release */,
			);
			defaultConfigurationIsVisible = 0;
			defaultConfigurationName = Release;
		};
		46D4B1B4269A3B3D00ABA28C /* Build configuration list for PBXNativeTarget "Examen-iOS" */ = {
			isa = XCConfigurationList;
			buildConfigurations = (
				46D4B1B5269A3B3D00ABA28C /* Debug */,
				46D4B1B6269A3B3D00ABA28C /* Release */,
			);
			defaultConfigurationIsVisible = 0;
			defaultConfigurationName = Release;
		};
		46D4B1B7269A3B3D00ABA28C /* Build configuration list for PBXNativeTarget "Examen-iOSTests" */ = {
			isa = XCConfigurationList;
			buildConfigurations = (
				46D4B1B8269A3B3D00ABA28C /* Debug */,
				46D4B1B9269A3B3D00ABA28C /* Release */,
			);
			defaultConfigurationIsVisible = 0;
			defaultConfigurationName = Release;
		};
		46D4B1BA269A3B3D00ABA28C /* Build configuration list for PBXNativeTarget "Examen-iOSUITests" */ = {
			isa = XCConfigurationList;
			buildConfigurations = (
				46D4B1BB269A3B3D00ABA28C /* Debug */,
				46D4B1BC269A3B3D00ABA28C /* Release */,
			);
			defaultConfigurationIsVisible = 0;
			defaultConfigurationName = Release;
		};
/* End XCConfigurationList section */
	};
	rootObject = 46D4B182269A3B2900ABA28C /* Project object */;
}
